
Microsoft Visual Studio Solution File, Format Version 12.00
# Visual Studio 15
VisualStudioVersion = 15.0.28010.2048
MinimumVisualStudioVersion = 10.0.40219.1
Project("{FAE04EC0-301F-11D3-BF4B-00C04F79EFBC}") = "Marvel", "Marvel\Marvel.csproj", "{33F84DA5-E44F-465A-B6D5-80C4AA0F43B4}"
EndProject
Project("{FAE04EC0-301F-11D3-BF4B-00C04F79EFBC}") = "Marvel.UI", "Marvel.UI\Marvel.UI.csproj", "{CC7B2159-0238-4F5B-B59C-48A4185D8208}"
EndProject
Global
	GlobalSection(SolutionConfigurationPlatforms) = preSolution
		Debug|Any CPU = Debug|Any CPU
		Release|Any CPU = Release|Any CPU
	EndGlobalSection
	GlobalSection(ProjectConfigurationPlatforms) = postSolution
		{33F84DA5-E44F-465A-B6D5-80C4AA0F43B4}.Debug|Any CPU.ActiveCfg = Debug|Any CPU
		{33F84DA5-E44F-465A-B6D5-80C4AA0F43B4}.Debug|Any CPU.Build.0 = Debug|Any CPU
		{33F84DA5-E44F-465A-B6D5-80C4AA0F43B4}.Release|Any CPU.ActiveCfg = Release|Any CPU
		{33F84DA5-E44F-465A-B6D5-80C4AA0F43B4}.Release|Any CPU.Build.0 = Release|Any CPU
		{CC7B2159-0238-4F5B-B59C-48A4185D8208}.Debug|Any CPU.ActiveCfg = Debug|Any CPU
		{CC7B2159-0238-4F5B-B59C-48A4185D8208}.Debug|Any CPU.Build.0 = Debug|Any CPU
		{CC7B2159-0238-4F5B-B59C-48A4185D8208}.Release|Any CPU.ActiveCfg = Release|Any CPU
		{CC7B2159-0238-4F5B-B59C-48A4185D8208}.Release|Any CPU.Build.0 = Release|Any CPU
	EndGlobalSection
	GlobalSection(SolutionProperties) = preSolution
		HideSolutionNode = FALSE
	EndGlobalSection
	GlobalSection(ExtensibilityGlobals) = postSolution
		SolutionGuid = {2AE230A8-B002-4E31-81EF-56C0AA1986B3}
	EndGlobalSection
EndGlobal
